
Microsoft Visual Studio Solution File, Format Version 12.00
# Visual Studio Version 17
VisualStudioVersion = 17.7.34202.233
MinimumVisualStudioVersion = 10.0.40219.1
Project("{F184B08F-C81C-45F6-A57F-5ABD9991F28F}") = "ConectarBD", "ConectarBD.vbproj", "{55286662-2717-421D-9887-40C9F70751B6}"
EndProject
Global
	GlobalSection(SolutionConfigurationPlatforms) = preSolution
		Debug|Any CPU = Debug|Any CPU
		Release|Any CPU = Release|Any CPU
	EndGlobalSection
	GlobalSection(ProjectConfigurationPlatforms) = postSolution
		{55286662-2717-421D-9887-40C9F70751B6}.Debug|Any CPU.ActiveCfg = Debug|Any CPU
		{55286662-2717-421D-9887-40C9F70751B6}.Debug|Any CPU.Build.0 = Debug|Any CPU
		{55286662-2717-421D-9887-40C9F70751B6}.Release|Any CPU.ActiveCfg = Release|Any CPU
		{55286662-2717-421D-9887-40C9F70751B6}.Release|Any CPU.Build.0 = Release|Any CPU
	EndGlobalSection
	GlobalSection(SolutionProperties) = preSolution
		HideSolutionNode = FALSE
	EndGlobalSection
	GlobalSection(ExtensibilityGlobals) = postSolution
		SolutionGuid = {1D9AA1E3-9596-4F23-BD8D-51BABBEF2A46}
	EndGlobalSection
EndGlobal
