
Microsoft Visual Studio Solution File, Format Version 12.00
# Visual Studio Version 17
VisualStudioVersion = 17.7.34202.233
MinimumVisualStudioVersion = 10.0.40219.1
Project("{F184B08F-C81C-45F6-A57F-5ABD9991F28F}") = "RB_VBNET_ex3", "RB_VBNET_ex3.vbproj", "{4C98AA38-DEFB-4896-A343-53122FEFF460}"
EndProject
Global
	GlobalSection(SolutionConfigurationPlatforms) = preSolution
		Debug|Any CPU = Debug|Any CPU
		Release|Any CPU = Release|Any CPU
	EndGlobalSection
	GlobalSection(ProjectConfigurationPlatforms) = postSolution
		{4C98AA38-DEFB-4896-A343-53122FEFF460}.Debug|Any CPU.ActiveCfg = Debug|Any CPU
		{4C98AA38-DEFB-4896-A343-53122FEFF460}.Debug|Any CPU.Build.0 = Debug|Any CPU
		{4C98AA38-DEFB-4896-A343-53122FEFF460}.Release|Any CPU.ActiveCfg = Release|Any CPU
		{4C98AA38-DEFB-4896-A343-53122FEFF460}.Release|Any CPU.Build.0 = Release|Any CPU
	EndGlobalSection
	GlobalSection(SolutionProperties) = preSolution
		HideSolutionNode = FALSE
	EndGlobalSection
	GlobalSection(ExtensibilityGlobals) = postSolution
		SolutionGuid = {FA24B776-909A-4828-B06C-BFC8C9B82D55}
	EndGlobalSection
EndGlobal
