
Microsoft Visual Studio Solution File, Format Version 12.00
# Visual Studio Version 17
VisualStudioVersion = 17.7.34202.233
MinimumVisualStudioVersion = 10.0.40219.1
Project("{F184B08F-C81C-45F6-A57F-5ABD9991F28F}") = "ProjectX", "ProjectX.vbproj", "{1F3738DD-F937-4D73-ACF0-2224212BFCBC}"
EndProject
Global
	GlobalSection(SolutionConfigurationPlatforms) = preSolution
		Debug|Any CPU = Debug|Any CPU
		Release|Any CPU = Release|Any CPU
	EndGlobalSection
	GlobalSection(ProjectConfigurationPlatforms) = postSolution
		{1F3738DD-F937-4D73-ACF0-2224212BFCBC}.Debug|Any CPU.ActiveCfg = Debug|Any CPU
		{1F3738DD-F937-4D73-ACF0-2224212BFCBC}.Debug|Any CPU.Build.0 = Debug|Any CPU
		{1F3738DD-F937-4D73-ACF0-2224212BFCBC}.Release|Any CPU.ActiveCfg = Release|Any CPU
		{1F3738DD-F937-4D73-ACF0-2224212BFCBC}.Release|Any CPU.Build.0 = Release|Any CPU
	EndGlobalSection
	GlobalSection(SolutionProperties) = preSolution
		HideSolutionNode = FALSE
	EndGlobalSection
	GlobalSection(ExtensibilityGlobals) = postSolution
		SolutionGuid = {196BADCC-C79E-426D-A1E6-F6FC65408DD4}
	EndGlobalSection
EndGlobal
