
Microsoft Visual Studio Solution File, Format Version 12.00
# Visual Studio Version 17
VisualStudioVersion = 17.6.33815.320
MinimumVisualStudioVersion = 10.0.40219.1
Project("{8BC9CEB8-8B4A-11D0-8D11-00A0C91BC942}") = "Exercicio3", "Exercicio3\Exercicio3.vcxproj", "{32A48F92-2E40-40C9-8850-6E2144F27FD3}"
EndProject
Global
	GlobalSection(SolutionConfigurationPlatforms) = preSolution
		Debug|ARM64 = Debug|ARM64
		Debug|x64 = Debug|x64
		Debug|x86 = Debug|x86
		Release|ARM64 = Release|ARM64
		Release|x64 = Release|x64
		Release|x86 = Release|x86
	EndGlobalSection
	GlobalSection(ProjectConfigurationPlatforms) = postSolution
		{32A48F92-2E40-40C9-8850-6E2144F27FD3}.Debug|ARM64.ActiveCfg = Debug|ARM64
		{32A48F92-2E40-40C9-8850-6E2144F27FD3}.Debug|ARM64.Build.0 = Debug|ARM64
		{32A48F92-2E40-40C9-8850-6E2144F27FD3}.Debug|x64.ActiveCfg = Debug|x64
		{32A48F92-2E40-40C9-8850-6E2144F27FD3}.Debug|x64.Build.0 = Debug|x64
		{32A48F92-2E40-40C9-8850-6E2144F27FD3}.Debug|x86.ActiveCfg = Debug|Win32
		{32A48F92-2E40-40C9-8850-6E2144F27FD3}.Debug|x86.Build.0 = Debug|Win32
		{32A48F92-2E40-40C9-8850-6E2144F27FD3}.Release|ARM64.ActiveCfg = Release|ARM64
		{32A48F92-2E40-40C9-8850-6E2144F27FD3}.Release|ARM64.Build.0 = Release|ARM64
		{32A48F92-2E40-40C9-8850-6E2144F27FD3}.Release|x64.ActiveCfg = Release|x64
		{32A48F92-2E40-40C9-8850-6E2144F27FD3}.Release|x64.Build.0 = Release|x64
		{32A48F92-2E40-40C9-8850-6E2144F27FD3}.Release|x86.ActiveCfg = Release|Win32
		{32A48F92-2E40-40C9-8850-6E2144F27FD3}.Release|x86.Build.0 = Release|Win32
	EndGlobalSection
	GlobalSection(SolutionProperties) = preSolution
		HideSolutionNode = FALSE
	EndGlobalSection
	GlobalSection(ExtensibilityGlobals) = postSolution
		SolutionGuid = {D31B1B68-BF53-4915-8EB1-5D8A61959314}
	EndGlobalSection
EndGlobal
