
Microsoft Visual Studio Solution File, Format Version 12.00
# Visual Studio Version 17
VisualStudioVersion = 17.7.34202.233
MinimumVisualStudioVersion = 10.0.40219.1
Project("{F184B08F-C81C-45F6-A57F-5ABD9991F28F}") = "Ex1_VBNET", "Ex1_VBNET.vbproj", "{51F24CA6-72EC-41C9-BD42-A18956E08887}"
EndProject
Global
	GlobalSection(SolutionConfigurationPlatforms) = preSolution
		Debug|Any CPU = Debug|Any CPU
		Release|Any CPU = Release|Any CPU
	EndGlobalSection
	GlobalSection(ProjectConfigurationPlatforms) = postSolution
		{51F24CA6-72EC-41C9-BD42-A18956E08887}.Debug|Any CPU.ActiveCfg = Debug|Any CPU
		{51F24CA6-72EC-41C9-BD42-A18956E08887}.Debug|Any CPU.Build.0 = Debug|Any CPU
		{51F24CA6-72EC-41C9-BD42-A18956E08887}.Release|Any CPU.ActiveCfg = Release|Any CPU
		{51F24CA6-72EC-41C9-BD42-A18956E08887}.Release|Any CPU.Build.0 = Release|Any CPU
	EndGlobalSection
	GlobalSection(SolutionProperties) = preSolution
		HideSolutionNode = FALSE
	EndGlobalSection
	GlobalSection(ExtensibilityGlobals) = postSolution
		SolutionGuid = {024E22FA-6D69-42A5-9F99-8035F5F29342}
	EndGlobalSection
EndGlobal
