
Microsoft Visual Studio Solution File, Format Version 12.00
# Visual Studio Version 17
VisualStudioVersion = 17.8.34322.80
MinimumVisualStudioVersion = 10.0.40219.1
Project("{FAE04EC0-301F-11D3-BF4B-00C04F79EFBC}") = "ShrekCS", "ShrekCS.csproj", "{7082CCA0-1FF0-495D-A7DE-77EC2F029BE3}"
EndProject
Global
	GlobalSection(SolutionConfigurationPlatforms) = preSolution
		Debug|Any CPU = Debug|Any CPU
		Release|Any CPU = Release|Any CPU
	EndGlobalSection
	GlobalSection(ProjectConfigurationPlatforms) = postSolution
		{7082CCA0-1FF0-495D-A7DE-77EC2F029BE3}.Debug|Any CPU.ActiveCfg = Debug|Any CPU
		{7082CCA0-1FF0-495D-A7DE-77EC2F029BE3}.Debug|Any CPU.Build.0 = Debug|Any CPU
		{7082CCA0-1FF0-495D-A7DE-77EC2F029BE3}.Release|Any CPU.ActiveCfg = Release|Any CPU
		{7082CCA0-1FF0-495D-A7DE-77EC2F029BE3}.Release|Any CPU.Build.0 = Release|Any CPU
	EndGlobalSection
	GlobalSection(SolutionProperties) = preSolution
		HideSolutionNode = FALSE
	EndGlobalSection
	GlobalSection(ExtensibilityGlobals) = postSolution
		SolutionGuid = {04130944-2AEB-4ED7-BE78-E99425122CE9}
	EndGlobalSection
EndGlobal
