
Microsoft Visual Studio Solution File, Format Version 12.00
# Visual Studio Version 17
VisualStudioVersion = 17.9.34616.47
MinimumVisualStudioVersion = 10.0.40219.1
Project("{FAE04EC0-301F-11D3-BF4B-00C04F79EFBC}") = "ProdCsAfonso2", "ProdCsAfonso2.csproj", "{79F5DA69-8256-4ADE-B23F-B8DED97FD0FC}"
EndProject
Global
	GlobalSection(SolutionConfigurationPlatforms) = preSolution
		Debug|Any CPU = Debug|Any CPU
		Release|Any CPU = Release|Any CPU
	EndGlobalSection
	GlobalSection(ProjectConfigurationPlatforms) = postSolution
		{79F5DA69-8256-4ADE-B23F-B8DED97FD0FC}.Debug|Any CPU.ActiveCfg = Debug|Any CPU
		{79F5DA69-8256-4ADE-B23F-B8DED97FD0FC}.Debug|Any CPU.Build.0 = Debug|Any CPU
		{79F5DA69-8256-4ADE-B23F-B8DED97FD0FC}.Release|Any CPU.ActiveCfg = Release|Any CPU
		{79F5DA69-8256-4ADE-B23F-B8DED97FD0FC}.Release|Any CPU.Build.0 = Release|Any CPU
	EndGlobalSection
	GlobalSection(SolutionProperties) = preSolution
		HideSolutionNode = FALSE
	EndGlobalSection
	GlobalSection(ExtensibilityGlobals) = postSolution
		SolutionGuid = {8B52D9D1-3D23-4082-80D7-D39EE9380206}
	EndGlobalSection
EndGlobal
