
Microsoft Visual Studio Solution File, Format Version 12.00
# Visual Studio Version 17
VisualStudioVersion = 17.8.34322.80
MinimumVisualStudioVersion = 10.0.40219.1
Project("{F184B08F-C81C-45F6-A57F-5ABD9991F28F}") = "P3VB01Afonso", "P3VB01Afonso.vbproj", "{B2B22A36-338F-4E50-91CD-9C10628D4CCC}"
EndProject
Global
	GlobalSection(SolutionConfigurationPlatforms) = preSolution
		Debug|Any CPU = Debug|Any CPU
		Release|Any CPU = Release|Any CPU
	EndGlobalSection
	GlobalSection(ProjectConfigurationPlatforms) = postSolution
		{B2B22A36-338F-4E50-91CD-9C10628D4CCC}.Debug|Any CPU.ActiveCfg = Debug|Any CPU
		{B2B22A36-338F-4E50-91CD-9C10628D4CCC}.Debug|Any CPU.Build.0 = Debug|Any CPU
		{B2B22A36-338F-4E50-91CD-9C10628D4CCC}.Release|Any CPU.ActiveCfg = Release|Any CPU
		{B2B22A36-338F-4E50-91CD-9C10628D4CCC}.Release|Any CPU.Build.0 = Release|Any CPU
	EndGlobalSection
	GlobalSection(SolutionProperties) = preSolution
		HideSolutionNode = FALSE
	EndGlobalSection
	GlobalSection(ExtensibilityGlobals) = postSolution
		SolutionGuid = {7DE0EBA3-32BA-47B1-A92C-38EF80FEECD3}
	EndGlobalSection
EndGlobal
