
Microsoft Visual Studio Solution File, Format Version 12.00
# Visual Studio Version 17
VisualStudioVersion = 17.8.34322.80
MinimumVisualStudioVersion = 10.0.40219.1
Project("{FAE04EC0-301F-11D3-BF4B-00C04F79EFBC}") = "DuasClassesCS", "DuasClassesCS.csproj", "{DAD24D07-51EE-42F4-9455-95750125D021}"
EndProject
Global
	GlobalSection(SolutionConfigurationPlatforms) = preSolution
		Debug|Any CPU = Debug|Any CPU
		Release|Any CPU = Release|Any CPU
	EndGlobalSection
	GlobalSection(ProjectConfigurationPlatforms) = postSolution
		{DAD24D07-51EE-42F4-9455-95750125D021}.Debug|Any CPU.ActiveCfg = Debug|Any CPU
		{DAD24D07-51EE-42F4-9455-95750125D021}.Debug|Any CPU.Build.0 = Debug|Any CPU
		{DAD24D07-51EE-42F4-9455-95750125D021}.Release|Any CPU.ActiveCfg = Release|Any CPU
		{DAD24D07-51EE-42F4-9455-95750125D021}.Release|Any CPU.Build.0 = Release|Any CPU
	EndGlobalSection
	GlobalSection(SolutionProperties) = preSolution
		HideSolutionNode = FALSE
	EndGlobalSection
	GlobalSection(ExtensibilityGlobals) = postSolution
		SolutionGuid = {27493237-CA18-471C-BD12-905779D131C2}
	EndGlobalSection
EndGlobal
