
Microsoft Visual Studio Solution File, Format Version 12.00
# Visual Studio Version 17
VisualStudioVersion = 17.4.33213.308
MinimumVisualStudioVersion = 10.0.40219.1
Project("{FAE04EC0-301F-11D3-BF4B-00C04F79EFBC}") = "Vazio(CS)", "Vazio(CS)\Vazio(CS).csproj", "{4C7CB1B4-2088-4BAD-BB56-4CA8CF913441}"
EndProject
Global
	GlobalSection(SolutionConfigurationPlatforms) = preSolution
		Debug|Any CPU = Debug|Any CPU
		Release|Any CPU = Release|Any CPU
	EndGlobalSection
	GlobalSection(ProjectConfigurationPlatforms) = postSolution
		{4C7CB1B4-2088-4BAD-BB56-4CA8CF913441}.Debug|Any CPU.ActiveCfg = Debug|Any CPU
		{4C7CB1B4-2088-4BAD-BB56-4CA8CF913441}.Debug|Any CPU.Build.0 = Debug|Any CPU
		{4C7CB1B4-2088-4BAD-BB56-4CA8CF913441}.Release|Any CPU.ActiveCfg = Release|Any CPU
		{4C7CB1B4-2088-4BAD-BB56-4CA8CF913441}.Release|Any CPU.Build.0 = Release|Any CPU
	EndGlobalSection
	GlobalSection(SolutionProperties) = preSolution
		HideSolutionNode = FALSE
	EndGlobalSection
	GlobalSection(ExtensibilityGlobals) = postSolution
		SolutionGuid = {89B0B621-1B15-4031-89BA-49DA8A55395E}
	EndGlobalSection
EndGlobal
