
Microsoft Visual Studio Solution File, Format Version 12.00
# Visual Studio Version 17
VisualStudioVersion = 17.7.34202.233
MinimumVisualStudioVersion = 10.0.40219.1
Project("{8BC9CEB8-8B4A-11D0-8D11-00A0C91BC942}") = "lixo2", "lixo2.vcxproj", "{F870321C-0F55-4C37-BBD0-F70E5628A367}"
EndProject
Global
	GlobalSection(SolutionConfigurationPlatforms) = preSolution
		Debug|ARM64 = Debug|ARM64
		Debug|x64 = Debug|x64
		Debug|x86 = Debug|x86
		Release|ARM64 = Release|ARM64
		Release|x64 = Release|x64
		Release|x86 = Release|x86
	EndGlobalSection
	GlobalSection(ProjectConfigurationPlatforms) = postSolution
		{F870321C-0F55-4C37-BBD0-F70E5628A367}.Debug|ARM64.ActiveCfg = Debug|ARM64
		{F870321C-0F55-4C37-BBD0-F70E5628A367}.Debug|ARM64.Build.0 = Debug|ARM64
		{F870321C-0F55-4C37-BBD0-F70E5628A367}.Debug|x64.ActiveCfg = Debug|x64
		{F870321C-0F55-4C37-BBD0-F70E5628A367}.Debug|x64.Build.0 = Debug|x64
		{F870321C-0F55-4C37-BBD0-F70E5628A367}.Debug|x86.ActiveCfg = Debug|Win32
		{F870321C-0F55-4C37-BBD0-F70E5628A367}.Debug|x86.Build.0 = Debug|Win32
		{F870321C-0F55-4C37-BBD0-F70E5628A367}.Release|ARM64.ActiveCfg = Release|ARM64
		{F870321C-0F55-4C37-BBD0-F70E5628A367}.Release|ARM64.Build.0 = Release|ARM64
		{F870321C-0F55-4C37-BBD0-F70E5628A367}.Release|x64.ActiveCfg = Release|x64
		{F870321C-0F55-4C37-BBD0-F70E5628A367}.Release|x64.Build.0 = Release|x64
		{F870321C-0F55-4C37-BBD0-F70E5628A367}.Release|x86.ActiveCfg = Release|Win32
		{F870321C-0F55-4C37-BBD0-F70E5628A367}.Release|x86.Build.0 = Release|Win32
	EndGlobalSection
	GlobalSection(SolutionProperties) = preSolution
		HideSolutionNode = FALSE
	EndGlobalSection
	GlobalSection(ExtensibilityGlobals) = postSolution
		SolutionGuid = {BB2102DA-6AAB-492E-8065-CDB3AF12AEDE}
	EndGlobalSection
EndGlobal
