
Microsoft Visual Studio Solution File, Format Version 12.00
# Visual Studio Version 17
VisualStudioVersion = 17.8.34322.80
MinimumVisualStudioVersion = 10.0.40219.1
Project("{F184B08F-C81C-45F6-A57F-5ABD9991F28F}") = "P3VB01AFONSO", "P3VB01AFONSO.vbproj", "{925CCB8A-EFD5-42E1-9609-3543443AA929}"
EndProject
Project("{2150E333-8FDC-42A3-9474-1A3956D46DE8}") = "Solution Items", "Solution Items", "{C89F511F-4E25-4113-9328-CF4A78EBDA73}"
EndProject
Global
	GlobalSection(SolutionConfigurationPlatforms) = preSolution
		Debug|Any CPU = Debug|Any CPU
		Release|Any CPU = Release|Any CPU
	EndGlobalSection
	GlobalSection(ProjectConfigurationPlatforms) = postSolution
		{925CCB8A-EFD5-42E1-9609-3543443AA929}.Debug|Any CPU.ActiveCfg = Debug|Any CPU
		{925CCB8A-EFD5-42E1-9609-3543443AA929}.Debug|Any CPU.Build.0 = Debug|Any CPU
		{925CCB8A-EFD5-42E1-9609-3543443AA929}.Release|Any CPU.ActiveCfg = Release|Any CPU
		{925CCB8A-EFD5-42E1-9609-3543443AA929}.Release|Any CPU.Build.0 = Release|Any CPU
	EndGlobalSection
	GlobalSection(SolutionProperties) = preSolution
		HideSolutionNode = FALSE
	EndGlobalSection
	GlobalSection(ExtensibilityGlobals) = postSolution
		SolutionGuid = {CBC6F815-023F-4759-A895-E2B3AA75A0F4}
	EndGlobalSection
EndGlobal
