
Microsoft Visual Studio Solution File, Format Version 12.00
# Visual Studio Version 17
VisualStudioVersion = 17.9.34616.47
MinimumVisualStudioVersion = 10.0.40219.1
Project("{FAE04EC0-301F-11D3-BF4B-00C04F79EFBC}") = "WinFormsApp2", "WinFormsApp2.csproj", "{FC1EB335-BC30-4880-92EA-80D4A8B81FD2}"
EndProject
Global
	GlobalSection(SolutionConfigurationPlatforms) = preSolution
		Debug|Any CPU = Debug|Any CPU
		Release|Any CPU = Release|Any CPU
	EndGlobalSection
	GlobalSection(ProjectConfigurationPlatforms) = postSolution
		{FC1EB335-BC30-4880-92EA-80D4A8B81FD2}.Debug|Any CPU.ActiveCfg = Debug|Any CPU
		{FC1EB335-BC30-4880-92EA-80D4A8B81FD2}.Debug|Any CPU.Build.0 = Debug|Any CPU
		{FC1EB335-BC30-4880-92EA-80D4A8B81FD2}.Release|Any CPU.ActiveCfg = Release|Any CPU
		{FC1EB335-BC30-4880-92EA-80D4A8B81FD2}.Release|Any CPU.Build.0 = Release|Any CPU
	EndGlobalSection
	GlobalSection(SolutionProperties) = preSolution
		HideSolutionNode = FALSE
	EndGlobalSection
	GlobalSection(ExtensibilityGlobals) = postSolution
		SolutionGuid = {CDCA5F9D-8331-45C0-9AD9-11654E635C35}
	EndGlobalSection
EndGlobal
